// !$*UTF8*$!
{
	archiveVersion = 1;
	classes = {
	};
	objectVersion = 46;
	objects = {

/* Begin PBXBuildFile section */
		4130CE8523AB93AFF9D98E9F /* Pods_cmbCodeChallengeTests.framework in Frameworks */ = {isa = PBXBuildFile; fileRef = 9E45C563F4CC18B9B651831E /* Pods_cmbCodeChallengeTests.framework */; };
		8443B468834614593C333E59 /* Pods_cmbCodeChallengeUITests.framework in Frameworks */ = {isa = PBXBuildFile; fileRef = 2832C0D76CC903CA9074FCEB /* Pods_cmbCodeChallengeUITests.framework */; };
		A060E36006244CADC050DF06 /* Pods_cmbCodeChallenge.framework in Frameworks */ = {isa = PBXBuildFile; fileRef = FD4164AE98DC36AB617C1F0A /* Pods_cmbCodeChallenge.framework */; };
		CD6E946C1E8B061D0099E01D /* AppDelegate.swift in Sources */ = {isa = PBXBuildFile; fileRef = CD6E946B1E8B061D0099E01D /* AppDelegate.swift */; };
		CD6E94711E8B061D0099E01D /* Main.storyboard in Resources */ = {isa = PBXBuildFile; fileRef = CD6E946F1E8B061D0099E01D /* Main.storyboard */; };
		CD6E94731E8B061D0099E01D /* Assets.xcassets in Resources */ = {isa = PBXBuildFile; fileRef = CD6E94721E8B061D0099E01D /* Assets.xcassets */; };
		CD6E94761E8B061D0099E01D /* LaunchScreen.storyboard in Resources */ = {isa = PBXBuildFile; fileRef = CD6E94741E8B061D0099E01D /* LaunchScreen.storyboard */; };
		CD6E94811E8B061E0099E01D /* cmbCodeChallengeTests.swift in Sources */ = {isa = PBXBuildFile; fileRef = CD6E94801E8B061E0099E01D /* cmbCodeChallengeTests.swift */; };
		CD6E948C1E8B061E0099E01D /* cmbCodeChallengeUITests.swift in Sources */ = {isa = PBXBuildFile; fileRef = CD6E948B1E8B061E0099E01D /* cmbCodeChallengeUITests.swift */; };
		CDC36E531E8C32AE002E55C0 /* HomeViewModel.swift in Sources */ = {isa = PBXBuildFile; fileRef = CDC36E521E8C32AE002E55C0 /* HomeViewModel.swift */; };
		CDC36E571E8C330D002E55C0 /* HomeTableViewController.swift in Sources */ = {isa = PBXBuildFile; fileRef = CDC36E561E8C330D002E55C0 /* HomeTableViewController.swift */; };
		CDC36E5F1E8C3466002E55C0 /* APIManager.swift in Sources */ = {isa = PBXBuildFile; fileRef = CDC36E5E1E8C3466002E55C0 /* APIManager.swift */; };
		CDC36E611E8C379B002E55C0 /* TeammateModel.swift in Sources */ = {isa = PBXBuildFile; fileRef = CDC36E601E8C379B002E55C0 /* TeammateModel.swift */; };
		CDC36E631E8C37B3002E55C0 /* ContentItemModel.swift in Sources */ = {isa = PBXBuildFile; fileRef = CDC36E621E8C37B3002E55C0 /* ContentItemModel.swift */; };
		CDC36E651E8C3A4E002E55C0 /* FullTeamModel.swift in Sources */ = {isa = PBXBuildFile; fileRef = CDC36E641E8C3A4E002E55C0 /* FullTeamModel.swift */; };
		CDC36E671E8C4009002E55C0 /* CacheManager.swift in Sources */ = {isa = PBXBuildFile; fileRef = CDC36E661E8C4009002E55C0 /* CacheManager.swift */; };
		CDC36E6A1E8C4029002E55C0 /* TeamContentManager.swift in Sources */ = {isa = PBXBuildFile; fileRef = CDC36E691E8C4029002E55C0 /* TeamContentManager.swift */; };
		CDC36E6C1E8C59FE002E55C0 /* HomeCollectionViewCell.swift in Sources */ = {isa = PBXBuildFile; fileRef = CDC36E6B1E8C59FE002E55C0 /* HomeCollectionViewCell.swift */; };
		CDC36E6E1E8D4DA4002E55C0 /* HomeViewController.swift in Sources */ = {isa = PBXBuildFile; fileRef = CDC36E6D1E8D4DA4002E55C0 /* HomeViewController.swift */; };
		CDC36E701E8D5D65002E55C0 /* TeammateDetailViewController.swift in Sources */ = {isa = PBXBuildFile; fileRef = CDC36E6F1E8D5D65002E55C0 /* TeammateDetailViewController.swift */; };
/* End PBXBuildFile section */

/* Begin PBXContainerItemProxy section */
		CD6E947D1E8B061E0099E01D /* PBXContainerItemProxy */ = {
			isa = PBXContainerItemProxy;
			containerPortal = CD6E94601E8B061C0099E01D /* Project object */;
			proxyType = 1;
			remoteGlobalIDString = CD6E94671E8B061C0099E01D;
			remoteInfo = cmbCodeChallenge;
		};
		CD6E94881E8B061E0099E01D /* PBXContainerItemProxy */ = {
			isa = PBXContainerItemProxy;
			containerPortal = CD6E94601E8B061C0099E01D /* Project object */;
			proxyType = 1;
			remoteGlobalIDString = CD6E94671E8B061C0099E01D;
			remoteInfo = cmbCodeChallenge;
		};
/* End PBXContainerItemProxy section */

/* Begin PBXFileReference section */
		1FEC3FE27A7CFEBF8F4ED7EB /* Pods-cmbCodeChallenge.release.xcconfig */ = {isa = PBXFileReference; includeInIndex = 1; lastKnownFileType = text.xcconfig; name = "Pods-cmbCodeChallenge.release.xcconfig"; path = "Pods/Target Support Files/Pods-cmbCodeChallenge/Pods-cmbCodeChallenge.release.xcconfig"; sourceTree = "<group>"; };
		2832C0D76CC903CA9074FCEB /* Pods_cmbCodeChallengeUITests.framework */ = {isa = PBXFileReference; explicitFileType = wrapper.framework; includeInIndex = 0; path = Pods_cmbCodeChallengeUITests.framework; sourceTree = BUILT_PRODUCTS_DIR; };
		39C7B912C8954B10ED7E1BD0 /* Pods-cmbCodeChallenge.debug.xcconfig */ = {isa = PBXFileReference; includeInIndex = 1; lastKnownFileType = text.xcconfig; name = "Pods-cmbCodeChallenge.debug.xcconfig"; path = "Pods/Target Support Files/Pods-cmbCodeChallenge/Pods-cmbCodeChallenge.debug.xcconfig"; sourceTree = "<group>"; };
		3BA20F575EFDED2191D52E0B /* Pods-cmbCodeChallengeTests.debug.xcconfig */ = {isa = PBXFileReference; includeInIndex = 1; lastKnownFileType = text.xcconfig; name = "Pods-cmbCodeChallengeTests.debug.xcconfig"; path = "Pods/Target Support Files/Pods-cmbCodeChallengeTests/Pods-cmbCodeChallengeTests.debug.xcconfig"; sourceTree = "<group>"; };
		9E45C563F4CC18B9B651831E /* Pods_cmbCodeChallengeTests.framework */ = {isa = PBXFileReference; explicitFileType = wrapper.framework; includeInIndex = 0; path = Pods_cmbCodeChallengeTests.framework; sourceTree = BUILT_PRODUCTS_DIR; };
		B4E5BA56EDD91DA46F76C794 /* Pods-cmbCodeChallengeTests.release.xcconfig */ = {isa = PBXFileReference; includeInIndex = 1; lastKnownFileType = text.xcconfig; name = "Pods-cmbCodeChallengeTests.release.xcconfig"; path = "Pods/Target Support Files/Pods-cmbCodeChallengeTests/Pods-cmbCodeChallengeTests.release.xcconfig"; sourceTree = "<group>"; };
		B75C07AFAA0DA99448986DDF /* Pods-cmbCodeChallengeUITests.release.xcconfig */ = {isa = PBXFileReference; includeInIndex = 1; lastKnownFileType = text.xcconfig; name = "Pods-cmbCodeChallengeUITests.release.xcconfig"; path = "Pods/Target Support Files/Pods-cmbCodeChallengeUITests/Pods-cmbCodeChallengeUITests.release.xcconfig"; sourceTree = "<group>"; };
		CD6E94681E8B061D0099E01D /* cmbCodeChallenge.app */ = {isa = PBXFileReference; explicitFileType = wrapper.application; includeInIndex = 0; path = cmbCodeChallenge.app; sourceTree = BUILT_PRODUCTS_DIR; };
		CD6E946B1E8B061D0099E01D /* AppDelegate.swift */ = {isa = PBXFileReference; lastKnownFileType = sourcecode.swift; path = AppDelegate.swift; sourceTree = "<group>"; };
		CD6E94701E8B061D0099E01D /* Base */ = {isa = PBXFileReference; lastKnownFileType = file.storyboard; name = Base; path = Base.lproj/Main.storyboard; sourceTree = "<group>"; };
		CD6E94721E8B061D0099E01D /* Assets.xcassets */ = {isa = PBXFileReference; lastKnownFileType = folder.assetcatalog; path = Assets.xcassets; sourceTree = "<group>"; };
		CD6E94751E8B061D0099E01D /* Base */ = {isa = PBXFileReference; lastKnownFileType = file.storyboard; name = Base; path = Base.lproj/LaunchScreen.storyboard; sourceTree = "<group>"; };
		CD6E94771E8B061D0099E01D /* Info.plist */ = {isa = PBXFileReference; lastKnownFileType = text.plist.xml; path = Info.plist; sourceTree = "<group>"; };
		CD6E947C1E8B061E0099E01D /* cmbCodeChallengeTests.xctest */ = {isa = PBXFileReference; explicitFileType = wrapper.cfbundle; includeInIndex = 0; path = cmbCodeChallengeTests.xctest; sourceTree = BUILT_PRODUCTS_DIR; };
		CD6E94801E8B061E0099E01D /* cmbCodeChallengeTests.swift */ = {isa = PBXFileReference; lastKnownFileType = sourcecode.swift; path = cmbCodeChallengeTests.swift; sourceTree = "<group>"; };
		CD6E94821E8B061E0099E01D /* Info.plist */ = {isa = PBXFileReference; lastKnownFileType = text.plist.xml; path = Info.plist; sourceTree = "<group>"; };
		CD6E94871E8B061E0099E01D /* cmbCodeChallengeUITests.xctest */ = {isa = PBXFileReference; explicitFileType = wrapper.cfbundle; includeInIndex = 0; path = cmbCodeChallengeUITests.xctest; sourceTree = BUILT_PRODUCTS_DIR; };
		CD6E948B1E8B061E0099E01D /* cmbCodeChallengeUITests.swift */ = {isa = PBXFileReference; lastKnownFileType = sourcecode.swift; path = cmbCodeChallengeUITests.swift; sourceTree = "<group>"; };
		CD6E948D1E8B061E0099E01D /* Info.plist */ = {isa = PBXFileReference; lastKnownFileType = text.plist.xml; path = Info.plist; sourceTree = "<group>"; };
		CDC36E521E8C32AE002E55C0 /* HomeViewModel.swift */ = {isa = PBXFileReference; fileEncoding = 4; lastKnownFileType = sourcecode.swift; name = HomeViewModel.swift; path = ViewModels/HomeViewModel.swift; sourceTree = "<group>"; };
		CDC36E561E8C330D002E55C0 /* HomeTableViewController.swift */ = {isa = PBXFileReference; fileEncoding = 4; lastKnownFileType = sourcecode.swift; name = HomeTableViewController.swift; path = Views/HomeTableViewController.swift; sourceTree = "<group>"; };
		CDC36E5E1E8C3466002E55C0 /* APIManager.swift */ = {isa = PBXFileReference; fileEncoding = 4; lastKnownFileType = sourcecode.swift; name = APIManager.swift; path = APIClients/APIManager.swift; sourceTree = "<group>"; };
		CDC36E601E8C379B002E55C0 /* TeammateModel.swift */ = {isa = PBXFileReference; fileEncoding = 4; lastKnownFileType = sourcecode.swift; name = TeammateModel.swift; path = Models/TeammateModel.swift; sourceTree = "<group>"; };
		CDC36E621E8C37B3002E55C0 /* ContentItemModel.swift */ = {isa = PBXFileReference; fileEncoding = 4; lastKnownFileType = sourcecode.swift; path = ContentItemModel.swift; sourceTree = "<group>"; };
		CDC36E641E8C3A4E002E55C0 /* FullTeamModel.swift */ = {isa = PBXFileReference; fileEncoding = 4; lastKnownFileType = sourcecode.swift; name = FullTeamModel.swift; path = Models/FullTeamModel.swift; sourceTree = "<group>"; };
		CDC36E661E8C4009002E55C0 /* CacheManager.swift */ = {isa = PBXFileReference; fileEncoding = 4; lastKnownFileType = sourcecode.swift; name = CacheManager.swift; path = CacheManager/CacheManager.swift; sourceTree = "<group>"; };
		CDC36E691E8C4029002E55C0 /* TeamContentManager.swift */ = {isa = PBXFileReference; fileEncoding = 4; lastKnownFileType = sourcecode.swift; path = TeamContentManager.swift; sourceTree = "<group>"; };
		CDC36E6B1E8C59FE002E55C0 /* HomeCollectionViewCell.swift */ = {isa = PBXFileReference; fileEncoding = 4; lastKnownFileType = sourcecode.swift; name = HomeCollectionViewCell.swift; path = Views/HomeCollectionViewCell.swift; sourceTree = "<group>"; };
		CDC36E6D1E8D4DA4002E55C0 /* HomeViewController.swift */ = {isa = PBXFileReference; fileEncoding = 4; lastKnownFileType = sourcecode.swift; path = HomeViewController.swift; sourceTree = "<group>"; };
		CDC36E6F1E8D5D65002E55C0 /* TeammateDetailViewController.swift */ = {isa = PBXFileReference; fileEncoding = 4; lastKnownFileType = sourcecode.swift; name = TeammateDetailViewController.swift; path = Views/TeammateDetailViewController.swift; sourceTree = "<group>"; };
		FC63C2B1F5D07C77062F2DDB /* Pods-cmbCodeChallengeUITests.debug.xcconfig */ = {isa = PBXFileReference; includeInIndex = 1; lastKnownFileType = text.xcconfig; name = "Pods-cmbCodeChallengeUITests.debug.xcconfig"; path = "Pods/Target Support Files/Pods-cmbCodeChallengeUITests/Pods-cmbCodeChallengeUITests.debug.xcconfig"; sourceTree = "<group>"; };
		FD4164AE98DC36AB617C1F0A /* Pods_cmbCodeChallenge.framework */ = {isa = PBXFileReference; explicitFileType = wrapper.framework; includeInIndex = 0; path = Pods_cmbCodeChallenge.framework; sourceTree = BUILT_PRODUCTS_DIR; };
/* End PBXFileReference section */

/* Begin PBXFrameworksBuildPhase section */
		CD6E94651E8B061C0099E01D /* Frameworks */ = {
			isa = PBXFrameworksBuildPhase;
			buildActionMask = 2147483647;
			files = (
				A060E36006244CADC050DF06 /* Pods_cmbCodeChallenge.framework in Frameworks */,
			);
			runOnlyForDeploymentPostprocessing = 0;
		};
		CD6E94791E8B061E0099E01D /* Frameworks */ = {
			isa = PBXFrameworksBuildPhase;
			buildActionMask = 2147483647;
			files = (
				4130CE8523AB93AFF9D98E9F /* Pods_cmbCodeChallengeTests.framework in Frameworks */,
			);
			runOnlyForDeploymentPostprocessing = 0;
		};
		CD6E94841E8B061E0099E01D /* Frameworks */ = {
			isa = PBXFrameworksBuildPhase;
			buildActionMask = 2147483647;
			files = (
				8443B468834614593C333E59 /* Pods_cmbCodeChallengeUITests.framework in Frameworks */,
			);
			runOnlyForDeploymentPostprocessing = 0;
		};
/* End PBXFrameworksBuildPhase section */

/* Begin PBXGroup section */
		7BDA02B7AB7E39103EA448D1 /* Pods */ = {
			isa = PBXGroup;
			children = (
				39C7B912C8954B10ED7E1BD0 /* Pods-cmbCodeChallenge.debug.xcconfig */,
				1FEC3FE27A7CFEBF8F4ED7EB /* Pods-cmbCodeChallenge.release.xcconfig */,
				3BA20F575EFDED2191D52E0B /* Pods-cmbCodeChallengeTests.debug.xcconfig */,
				B4E5BA56EDD91DA46F76C794 /* Pods-cmbCodeChallengeTests.release.xcconfig */,
				FC63C2B1F5D07C77062F2DDB /* Pods-cmbCodeChallengeUITests.debug.xcconfig */,
				B75C07AFAA0DA99448986DDF /* Pods-cmbCodeChallengeUITests.release.xcconfig */,
			);
			name = Pods;
			sourceTree = "<group>";
		};
		CD6E945F1E8B061C0099E01D = {
			isa = PBXGroup;
			children = (
				CD6E946A1E8B061D0099E01D /* cmbCodeChallenge */,
				CD6E947F1E8B061E0099E01D /* cmbCodeChallengeTests */,
				CD6E948A1E8B061E0099E01D /* cmbCodeChallengeUITests */,
				CD6E94691E8B061D0099E01D /* Products */,
				7BDA02B7AB7E39103EA448D1 /* Pods */,
				D3E2AF20F1C94533A59C3F24 /* Frameworks */,
			);
			sourceTree = "<group>";
		};
		CD6E94691E8B061D0099E01D /* Products */ = {
			isa = PBXGroup;
			children = (
				CD6E94681E8B061D0099E01D /* cmbCodeChallenge.app */,
				CD6E947C1E8B061E0099E01D /* cmbCodeChallengeTests.xctest */,
				CD6E94871E8B061E0099E01D /* cmbCodeChallengeUITests.xctest */,
			);
			name = Products;
			sourceTree = "<group>";
		};
		CD6E946A1E8B061D0099E01D /* cmbCodeChallenge */ = {
			isa = PBXGroup;
			children = (
				CDC36E5C1E8C3346002E55C0 /* APIClient */,
				CDC36E681E8C400E002E55C0 /* Managers */,
				CDC36E5D1E8C3352002E55C0 /* Models */,
				CDC36E5B1E8C333E002E55C0 /* ViewModels */,
				CDC36E581E8C3311002E55C0 /* Views */,
				CD6E946B1E8B061D0099E01D /* AppDelegate.swift */,
				CD6E946F1E8B061D0099E01D /* Main.storyboard */,
				CD6E94721E8B061D0099E01D /* Assets.xcassets */,
				CD6E94741E8B061D0099E01D /* LaunchScreen.storyboard */,
				CD6E94771E8B061D0099E01D /* Info.plist */,
			);
			path = cmbCodeChallenge;
			sourceTree = "<group>";
		};
		CD6E947F1E8B061E0099E01D /* cmbCodeChallengeTests */ = {
			isa = PBXGroup;
			children = (
				CD6E94801E8B061E0099E01D /* cmbCodeChallengeTests.swift */,
				CD6E94821E8B061E0099E01D /* Info.plist */,
			);
			path = cmbCodeChallengeTests;
			sourceTree = "<group>";
		};
		CD6E948A1E8B061E0099E01D /* cmbCodeChallengeUITests */ = {
			isa = PBXGroup;
			children = (
				CD6E948B1E8B061E0099E01D /* cmbCodeChallengeUITests.swift */,
				CD6E948D1E8B061E0099E01D /* Info.plist */,
			);
			path = cmbCodeChallengeUITests;
			sourceTree = "<group>";
		};
		CDC36E581E8C3311002E55C0 /* Views */ = {
			isa = PBXGroup;
			children = (
				CDC36E6D1E8D4DA4002E55C0 /* HomeViewController.swift */,
				CDC36E6F1E8D5D65002E55C0 /* TeammateDetailViewController.swift */,
				CDC36E6B1E8C59FE002E55C0 /* HomeCollectionViewCell.swift */,
				CDC36E561E8C330D002E55C0 /* HomeTableViewController.swift */,
			);
			name = Views;
			sourceTree = "<group>";
		};
		CDC36E5B1E8C333E002E55C0 /* ViewModels */ = {
			isa = PBXGroup;
			children = (
				CDC36E521E8C32AE002E55C0 /* HomeViewModel.swift */,
			);
			name = ViewModels;
			sourceTree = "<group>";
		};
		CDC36E5C1E8C3346002E55C0 /* APIClient */ = {
			isa = PBXGroup;
			children = (
				CDC36E5E1E8C3466002E55C0 /* APIManager.swift */,
			);
			name = APIClient;
			sourceTree = "<group>";
		};
		CDC36E5D1E8C3352002E55C0 /* Models */ = {
			isa = PBXGroup;
			children = (
				CDC36E621E8C37B3002E55C0 /* ContentItemModel.swift */,
				CDC36E601E8C379B002E55C0 /* TeammateModel.swift */,
				CDC36E641E8C3A4E002E55C0 /* FullTeamModel.swift */,
			);
			name = Models;
			sourceTree = "<group>";
		};
		CDC36E681E8C400E002E55C0 /* Managers */ = {
			isa = PBXGroup;
			children = (
				CDC36E661E8C4009002E55C0 /* CacheManager.swift */,
				CDC36E691E8C4029002E55C0 /* TeamContentManager.swift */,
			);
			name = Managers;
			sourceTree = "<group>";
		};
		D3E2AF20F1C94533A59C3F24 /* Frameworks */ = {
			isa = PBXGroup;
			children = (
				FD4164AE98DC36AB617C1F0A /* Pods_cmbCodeChallenge.framework */,
				9E45C563F4CC18B9B651831E /* Pods_cmbCodeChallengeTests.framework */,
				2832C0D76CC903CA9074FCEB /* Pods_cmbCodeChallengeUITests.framework */,
			);
			name = Frameworks;
			sourceTree = "<group>";
		};
/* End PBXGroup section */

/* Begin PBXNativeTarget section */
		CD6E94671E8B061C0099E01D /* cmbCodeChallenge */ = {
			isa = PBXNativeTarget;
			buildConfigurationList = CD6E94901E8B061E0099E01D /* Build configuration list for PBXNativeTarget "cmbCodeChallenge" */;
			buildPhases = (
				209B219BFDAF0AEBB31D1DBE /* [CP] Check Pods Manifest.lock */,
				CD6E94641E8B061C0099E01D /* Sources */,
				CD6E94651E8B061C0099E01D /* Frameworks */,
				CD6E94661E8B061C0099E01D /* Resources */,
				4D138FE58DB89FE7C8577303 /* [CP] Embed Pods Frameworks */,
				3C73BB0EA4E1A3711FE102E4 /* [CP] Copy Pods Resources */,
			);
			buildRules = (
			);
			dependencies = (
			);
			name = cmbCodeChallenge;
			productName = cmbCodeChallenge;
			productReference = CD6E94681E8B061D0099E01D /* cmbCodeChallenge.app */;
			productType = "com.apple.product-type.application";
		};
		CD6E947B1E8B061E0099E01D /* cmbCodeChallengeTests */ = {
			isa = PBXNativeTarget;
			buildConfigurationList = CD6E94931E8B061E0099E01D /* Build configuration list for PBXNativeTarget "cmbCodeChallengeTests" */;
			buildPhases = (
				DE83F013AA5E87B3E50952DA /* [CP] Check Pods Manifest.lock */,
				CD6E94781E8B061E0099E01D /* Sources */,
				CD6E94791E8B061E0099E01D /* Frameworks */,
				CD6E947A1E8B061E0099E01D /* Resources */,
				77E3390AED4B31C6AE3A7AAE /* [CP] Embed Pods Frameworks */,
				A28217280A6853A9B40F06AE /* [CP] Copy Pods Resources */,
			);
			buildRules = (
			);
			dependencies = (
				CD6E947E1E8B061E0099E01D /* PBXTargetDependency */,
			);
			name = cmbCodeChallengeTests;
			productName = cmbCodeChallengeTests;
			productReference = CD6E947C1E8B061E0099E01D /* cmbCodeChallengeTests.xctest */;
			productType = "com.apple.product-type.bundle.unit-test";
		};
		CD6E94861E8B061E0099E01D /* cmbCodeChallengeUITests */ = {
			isa = PBXNativeTarget;
			buildConfigurationList = CD6E94961E8B061E0099E01D /* Build configuration list for PBXNativeTarget "cmbCodeChallengeUITests" */;
			buildPhases = (
				A9613696E96D8A5434E29D3F /* [CP] Check Pods Manifest.lock */,
				CD6E94831E8B061E0099E01D /* Sources */,
				CD6E94841E8B061E0099E01D /* Frameworks */,
				CD6E94851E8B061E0099E01D /* Resources */,
				8447807EED623DBF8AD0BD86 /* [CP] Embed Pods Frameworks */,
				31D1D2C480EA514C0A8BBFC0 /* [CP] Copy Pods Resources */,
			);
			buildRules = (
			);
			dependencies = (
				CD6E94891E8B061E0099E01D /* PBXTargetDependency */,
			);
			name = cmbCodeChallengeUITests;
			productName = cmbCodeChallengeUITests;
			productReference = CD6E94871E8B061E0099E01D /* cmbCodeChallengeUITests.xctest */;
			productType = "com.apple.product-type.bundle.ui-testing";
		};
/* End PBXNativeTarget section */

/* Begin PBXProject section */
		CD6E94601E8B061C0099E01D /* Project object */ = {
			isa = PBXProject;
			attributes = {
				LastSwiftUpdateCheck = 0820;
				LastUpgradeCheck = 0820;
				ORGANIZATIONNAME = "Kayla Galway";
				TargetAttributes = {
					CD6E94671E8B061C0099E01D = {
						CreatedOnToolsVersion = 8.2.1;
						DevelopmentTeam = 4WHCWF2WQ4;
						ProvisioningStyle = Automatic;
					};
					CD6E947B1E8B061E0099E01D = {
						CreatedOnToolsVersion = 8.2.1;
						ProvisioningStyle = Automatic;
						TestTargetID = CD6E94671E8B061C0099E01D;
					};
					CD6E94861E8B061E0099E01D = {
						CreatedOnToolsVersion = 8.2.1;
						ProvisioningStyle = Automatic;
						TestTargetID = CD6E94671E8B061C0099E01D;
					};
				};
			};
			buildConfigurationList = CD6E94631E8B061C0099E01D /* Build configuration list for PBXProject "cmbCodeChallenge" */;
			compatibilityVersion = "Xcode 3.2";
			developmentRegion = English;
			hasScannedForEncodings = 0;
			knownRegions = (
				en,
				Base,
			);
			mainGroup = CD6E945F1E8B061C0099E01D;
			productRefGroup = CD6E94691E8B061D0099E01D /* Products */;
			projectDirPath = "";
			projectRoot = "";
			targets = (
				CD6E94671E8B061C0099E01D /* cmbCodeChallenge */,
				CD6E947B1E8B061E0099E01D /* cmbCodeChallengeTests */,
				CD6E94861E8B061E0099E01D /* cmbCodeChallengeUITests */,
			);
		};
/* End PBXProject section */

/* Begin PBXResourcesBuildPhase section */
		CD6E94661E8B061C0099E01D /* Resources */ = {
			isa = PBXResourcesBuildPhase;
			buildActionMask = 2147483647;
			files = (
				CD6E94761E8B061D0099E01D /* LaunchScreen.storyboard in Resources */,
				CD6E94731E8B061D0099E01D /* Assets.xcassets in Resources */,
				CD6E94711E8B061D0099E01D /* Main.storyboard in Resources */,
			);
			runOnlyForDeploymentPostprocessing = 0;
		};
		CD6E947A1E8B061E0099E01D /* Resources */ = {
			isa = PBXResourcesBuildPhase;
			buildActionMask = 2147483647;
			files = (
			);
			runOnlyForDeploymentPostprocessing = 0;
		};
		CD6E94851E8B061E0099E01D /* Resources */ = {
			isa = PBXResourcesBuildPhase;
			buildActionMask = 2147483647;
			files = (
			);
			runOnlyForDeploymentPostprocessing = 0;
		};
/* End PBXResourcesBuildPhase section */

/* Begin PBXShellScriptBuildPhase section */
		209B219BFDAF0AEBB31D1DBE /* [CP] Check Pods Manifest.lock */ = {
			isa = PBXShellScriptBuildPhase;
			buildActionMask = 2147483647;
			files = (
			);
			inputPaths = (
			);
			name = "[CP] Check Pods Manifest.lock";
			outputPaths = (
			);
			runOnlyForDeploymentPostprocessing = 0;
			shellPath = /bin/sh;
			shellScript = "diff \"${PODS_ROOT}/../Podfile.lock\" \"${PODS_ROOT}/Manifest.lock\" > /dev/null\nif [ $? != 0 ] ; then\n    # print error to STDERR\n    echo \"error: The sandbox is not in sync with the Podfile.lock. Run 'pod install' or update your CocoaPods installation.\" >&2\n    exit 1\nfi\n";
			showEnvVarsInLog = 0;
		};
		31D1D2C480EA514C0A8BBFC0 /* [CP] Copy Pods Resources */ = {
			isa = PBXShellScriptBuildPhase;
			buildActionMask = 2147483647;
			files = (
			);
			inputPaths = (
			);
			name = "[CP] Copy Pods Resources";
			outputPaths = (
			);
			runOnlyForDeploymentPostprocessing = 0;
			shellPath = /bin/sh;
			shellScript = "\"${SRCROOT}/Pods/Target Support Files/Pods-cmbCodeChallengeUITests/Pods-cmbCodeChallengeUITests-resources.sh\"\n";
			showEnvVarsInLog = 0;
		};
		3C73BB0EA4E1A3711FE102E4 /* [CP] Copy Pods Resources */ = {
			isa = PBXShellScriptBuildPhase;
			buildActionMask = 2147483647;
			files = (
			);
			inputPaths = (
			);
			name = "[CP] Copy Pods Resources";
			outputPaths = (
			);
			runOnlyForDeploymentPostprocessing = 0;
			shellPath = /bin/sh;
			shellScript = "\"${SRCROOT}/Pods/Target Support Files/Pods-cmbCodeChallenge/Pods-cmbCodeChallenge-resources.sh\"\n";
			showEnvVarsInLog = 0;
		};
		4D138FE58DB89FE7C8577303 /* [CP] Embed Pods Frameworks */ = {
			isa = PBXShellScriptBuildPhase;
			buildActionMask = 2147483647;
			files = (
			);
			inputPaths = (
			);
			name = "[CP] Embed Pods Frameworks";
			outputPaths = (
			);
			runOnlyForDeploymentPostprocessing = 0;
			shellPath = /bin/sh;
			shellScript = "\"${SRCROOT}/Pods/Target Support Files/Pods-cmbCodeChallenge/Pods-cmbCodeChallenge-frameworks.sh\"\n";
			showEnvVarsInLog = 0;
		};
		77E3390AED4B31C6AE3A7AAE /* [CP] Embed Pods Frameworks */ = {
			isa = PBXShellScriptBuildPhase;
			buildActionMask = 2147483647;
			files = (
			);
			inputPaths = (
			);
			name = "[CP] Embed Pods Frameworks";
			outputPaths = (
			);
			runOnlyForDeploymentPostprocessing = 0;
			shellPath = /bin/sh;
			shellScript = "\"${SRCROOT}/Pods/Target Support Files/Pods-cmbCodeChallengeTests/Pods-cmbCodeChallengeTests-frameworks.sh\"\n";
			showEnvVarsInLog = 0;
		};
		8447807EED623DBF8AD0BD86 /* [CP] Embed Pods Frameworks */ = {
			isa = PBXShellScriptBuildPhase;
			buildActionMask = 2147483647;
			files = (
			);
			inputPaths = (
			);
			name = "[CP] Embed Pods Frameworks";
			outputPaths = (
			);
			runOnlyForDeploymentPostprocessing = 0;
			shellPath = /bin/sh;
			shellScript = "\"${SRCROOT}/Pods/Target Support Files/Pods-cmbCodeChallengeUITests/Pods-cmbCodeChallengeUITests-frameworks.sh\"\n";
			showEnvVarsInLog = 0;
		};
		A28217280A6853A9B40F06AE /* [CP] Copy Pods Resources */ = {
			isa = PBXShellScriptBuildPhase;
			buildActionMask = 2147483647;
			files = (
			);
			inputPaths = (
			);
			name = "[CP] Copy Pods Resources";
			outputPaths = (
			);
			runOnlyForDeploymentPostprocessing = 0;
			shellPath = /bin/sh;
			shellScript = "\"${SRCROOT}/Pods/Target Support Files/Pods-cmbCodeChallengeTests/Pods-cmbCodeChallengeTests-resources.sh\"\n";
			showEnvVarsInLog = 0;
		};
		A9613696E96D8A5434E29D3F /* [CP] Check Pods Manifest.lock */ = {
			isa = PBXShellScriptBuildPhase;
			buildActionMask = 2147483647;
			files = (
			);
			inputPaths = (
			);
			name = "[CP] Check Pods Manifest.lock";
			outputPaths = (
			);
			runOnlyForDeploymentPostprocessing = 0;
			shellPath = /bin/sh;
			shellScript = "diff \"${PODS_ROOT}/../Podfile.lock\" \"${PODS_ROOT}/Manifest.lock\" > /dev/null\nif [ $? != 0 ] ; then\n    # print error to STDERR\n    echo \"error: The sandbox is not in sync with the Podfile.lock. Run 'pod install' or update your CocoaPods installation.\" >&2\n    exit 1\nfi\n";
			showEnvVarsInLog = 0;
		};
		DE83F013AA5E87B3E50952DA /* [CP] Check Pods Manifest.lock */ = {
			isa = PBXShellScriptBuildPhase;
			buildActionMask = 2147483647;
			files = (
			);
			inputPaths = (
			);
			name = "[CP] Check Pods Manifest.lock";
			outputPaths = (
			);
			runOnlyForDeploymentPostprocessing = 0;
			shellPath = /bin/sh;
			shellScript = "diff \"${PODS_ROOT}/../Podfile.lock\" \"${PODS_ROOT}/Manifest.lock\" > /dev/null\nif [ $? != 0 ] ; then\n    # print error to STDERR\n    echo \"error: The sandbox is not in sync with the Podfile.lock. Run 'pod install' or update your CocoaPods installation.\" >&2\n    exit 1\nfi\n";
			showEnvVarsInLog = 0;
		};
/* End PBXShellScriptBuildPhase section */

/* Begin PBXSourcesBuildPhase section */
		CD6E94641E8B061C0099E01D /* Sources */ = {
			isa = PBXSourcesBuildPhase;
			buildActionMask = 2147483647;
			files = (
				CDC36E701E8D5D65002E55C0 /* TeammateDetailViewController.swift in Sources */,
				CDC36E5F1E8C3466002E55C0 /* APIManager.swift in Sources */,
				CDC36E671E8C4009002E55C0 /* CacheManager.swift in Sources */,
				CDC36E651E8C3A4E002E55C0 /* FullTeamModel.swift in Sources */,
				CDC36E631E8C37B3002E55C0 /* ContentItemModel.swift in Sources */,
				CDC36E531E8C32AE002E55C0 /* HomeViewModel.swift in Sources */,
				CDC36E6C1E8C59FE002E55C0 /* HomeCollectionViewCell.swift in Sources */,
				CDC36E6A1E8C4029002E55C0 /* TeamContentManager.swift in Sources */,
				CD6E946C1E8B061D0099E01D /* AppDelegate.swift in Sources */,
				CDC36E571E8C330D002E55C0 /* HomeTableViewController.swift in Sources */,
				CDC36E611E8C379B002E55C0 /* TeammateModel.swift in Sources */,
				CDC36E6E1E8D4DA4002E55C0 /* HomeViewController.swift in Sources */,
			);
			runOnlyForDeploymentPostprocessing = 0;
		};
		CD6E94781E8B061E0099E01D /* Sources */ = {
			isa = PBXSourcesBuildPhase;
			buildActionMask = 2147483647;
			files = (
				CD6E94811E8B061E0099E01D /* cmbCodeChallengeTests.swift in Sources */,
			);
			runOnlyForDeploymentPostprocessing = 0;
		};
		CD6E94831E8B061E0099E01D /* Sources */ = {
			isa = PBXSourcesBuildPhase;
			buildActionMask = 2147483647;
			files = (
				CD6E948C1E8B061E0099E01D /* cmbCodeChallengeUITests.swift in Sources */,
			);
			runOnlyForDeploymentPostprocessing = 0;
		};
/* End PBXSourcesBuildPhase section */

/* Begin PBXTargetDependency section */
		CD6E947E1E8B061E0099E01D /* PBXTargetDependency */ = {
			isa = PBXTargetDependency;
			target = CD6E94671E8B061C0099E01D /* cmbCodeChallenge */;
			targetProxy = CD6E947D1E8B061E0099E01D /* PBXContainerItemProxy */;
		};
		CD6E94891E8B061E0099E01D /* PBXTargetDependency */ = {
			isa = PBXTargetDependency;
			target = CD6E94671E8B061C0099E01D /* cmbCodeChallenge */;
			targetProxy = CD6E94881E8B061E0099E01D /* PBXContainerItemProxy */;
		};
/* End PBXTargetDependency section */

/* Begin PBXVariantGroup section */
		CD6E946F1E8B061D0099E01D /* Main.storyboard */ = {
			isa = PBXVariantGroup;
			children = (
				CD6E94701E8B061D0099E01D /* Base */,
			);
			name = Main.storyboard;
			sourceTree = "<group>";
		};
		CD6E94741E8B061D0099E01D /* LaunchScreen.storyboard */ = {
			isa = PBXVariantGroup;
			children = (
				CD6E94751E8B061D0099E01D /* Base */,
			);
			name = LaunchScreen.storyboard;
			sourceTree = "<group>";
		};
/* End PBXVariantGroup section */

/* Begin XCBuildConfiguration section */
		CD6E948E1E8B061E0099E01D /* Debug */ = {
			isa = XCBuildConfiguration;
			buildSettings = {
				ALWAYS_SEARCH_USER_PATHS = NO;
				CLANG_ANALYZER_NONNULL = YES;
				CLANG_CXX_LANGUAGE_STANDARD = "gnu++0x";
				CLANG_CXX_LIBRARY = "libc++";
				CLANG_ENABLE_MODULES = YES;
				CLANG_ENABLE_OBJC_ARC = YES;
				CLANG_WARN_BOOL_CONVERSION = YES;
				CLANG_WARN_CONSTANT_CONVERSION = YES;
				CLANG_WARN_DIRECT_OBJC_ISA_USAGE = YES_ERROR;
				CLANG_WARN_DOCUMENTATION_COMMENTS = YES;
				CLANG_WARN_EMPTY_BODY = YES;
				CLANG_WARN_ENUM_CONVERSION = YES;
				CLANG_WARN_INFINITE_RECURSION = YES;
				CLANG_WARN_INT_CONVERSION = YES;
				CLANG_WARN_OBJC_ROOT_CLASS = YES_ERROR;
				CLANG_WARN_SUSPICIOUS_MOVE = YES;
				CLANG_WARN_UNREACHABLE_CODE = YES;
				CLANG_WARN__DUPLICATE_METHOD_MATCH = YES;
				"CODE_SIGN_IDENTITY[sdk=iphoneos*]" = "iPhone Developer";
				COPY_PHASE_STRIP = NO;
				DEBUG_INFORMATION_FORMAT = dwarf;
				ENABLE_STRICT_OBJC_MSGSEND = YES;
				ENABLE_TESTABILITY = YES;
				GCC_C_LANGUAGE_STANDARD = gnu99;
				GCC_DYNAMIC_NO_PIC = NO;
				GCC_NO_COMMON_BLOCKS = YES;
				GCC_OPTIMIZATION_LEVEL = 0;
				GCC_PREPROCESSOR_DEFINITIONS = (
					"DEBUG=1",
					"$(inherited)",
				);
				GCC_WARN_64_TO_32_BIT_CONVERSION = YES;
				GCC_WARN_ABOUT_RETURN_TYPE = YES_ERROR;
				GCC_WARN_UNDECLARED_SELECTOR = YES;
				GCC_WARN_UNINITIALIZED_AUTOS = YES_AGGRESSIVE;
				GCC_WARN_UNUSED_FUNCTION = YES;
				GCC_WARN_UNUSED_VARIABLE = YES;
				IPHONEOS_DEPLOYMENT_TARGET = 10.2;
				MTL_ENABLE_DEBUG_INFO = YES;
				ONLY_ACTIVE_ARCH = YES;
				SDKROOT = iphoneos;
				SWIFT_ACTIVE_COMPILATION_CONDITIONS = DEBUG;
				SWIFT_OPTIMIZATION_LEVEL = "-Onone";
				TARGETED_DEVICE_FAMILY = "1,2";
			};
			name = Debug;
		};
		CD6E948F1E8B061E0099E01D /* Release */ = {
			isa = XCBuildConfiguration;
			buildSettings = {
				ALWAYS_SEARCH_USER_PATHS = NO;
				CLANG_ANALYZER_NONNULL = YES;
				CLANG_CXX_LANGUAGE_STANDARD = "gnu++0x";
				CLANG_CXX_LIBRARY = "libc++";
				CLANG_ENABLE_MODULES = YES;
				CLANG_ENABLE_OBJC_ARC = YES;
				CLANG_WARN_BOOL_CONVERSION = YES;
				CLANG_WARN_CONSTANT_CONVERSION = YES;
				CLANG_WARN_DIRECT_OBJC_ISA_USAGE = YES_ERROR;
				CLANG_WARN_DOCUMENTATION_COMMENTS = YES;
				CLANG_WARN_EMPTY_BODY = YES;
				CLANG_WARN_ENUM_CONVERSION = YES;
				CLANG_WARN_INFINITE_RECURSION = YES;
				CLANG_WARN_INT_CONVERSION = YES;
				CLANG_WARN_OBJC_ROOT_CLASS = YES_ERROR;
				CLANG_WARN_SUSPICIOUS_MOVE = YES;
				CLANG_WARN_UNREACHABLE_CODE = YES;
				CLANG_WARN__DUPLICATE_METHOD_MATCH = YES;
				"CODE_SIGN_IDENTITY[sdk=iphoneos*]" = "iPhone Developer";
				COPY_PHASE_STRIP = NO;
				DEBUG_INFORMATION_FORMAT = "dwarf-with-dsym";
				ENABLE_NS_ASSERTIONS = NO;
				ENABLE_STRICT_OBJC_MSGSEND = YES;
				GCC_C_LANGUAGE_STANDARD = gnu99;
				GCC_NO_COMMON_BLOCKS = YES;
				GCC_WARN_64_TO_32_BIT_CONVERSION = YES;
				GCC_WARN_ABOUT_RETURN_TYPE = YES_ERROR;
				GCC_WARN_UNDECLARED_SELECTOR = YES;
				GCC_WARN_UNINITIALIZED_AUTOS = YES_AGGRESSIVE;
				GCC_WARN_UNUSED_FUNCTION = YES;
				GCC_WARN_UNUSED_VARIABLE = YES;
				IPHONEOS_DEPLOYMENT_TARGET = 10.2;
				MTL_ENABLE_DEBUG_INFO = NO;
				SDKROOT = iphoneos;
				SWIFT_OPTIMIZATION_LEVEL = "-Owholemodule";
				TARGETED_DEVICE_FAMILY = "1,2";
				VALIDATE_PRODUCT = YES;
			};
			name = Release;
		};
		CD6E94911E8B061E0099E01D /* Debug */ = {
			isa = XCBuildConfiguration;
			baseConfigurationReference = 39C7B912C8954B10ED7E1BD0 /* Pods-cmbCodeChallenge.debug.xcconfig */;
			buildSettings = {
				ASSETCATALOG_COMPILER_APPICON_NAME = AppIcon;
				DEVELOPMENT_TEAM = 4WHCWF2WQ4;
				INFOPLIST_FILE = cmbCodeChallenge/Info.plist;
				IPHONEOS_DEPLOYMENT_TARGET = 10.0;
				LD_RUNPATH_SEARCH_PATHS = "$(inherited) @executable_path/Frameworks";
				PRODUCT_BUNDLE_IDENTIFIER = com.kayla.cmbCodeChallenge;
				PRODUCT_NAME = "$(TARGET_NAME)";
				SWIFT_VERSION = 3.0;
			};
			name = Debug;
		};
		CD6E94921E8B061E0099E01D /* Release */ = {
			isa = XCBuildConfiguration;
			baseConfigurationReference = 1FEC3FE27A7CFEBF8F4ED7EB /* Pods-cmbCodeChallenge.release.xcconfig */;
			buildSettings = {
				ASSETCATALOG_COMPILER_APPICON_NAME = AppIcon;
				DEVELOPMENT_TEAM = 4WHCWF2WQ4;
				INFOPLIST_FILE = cmbCodeChallenge/Info.plist;
				IPHONEOS_DEPLOYMENT_TARGET = 10.0;
				LD_RUNPATH_SEARCH_PATHS = "$(inherited) @executable_path/Frameworks";
				PRODUCT_BUNDLE_IDENTIFIER = com.kayla.cmbCodeChallenge;
				PRODUCT_NAME = "$(TARGET_NAME)";
				SWIFT_VERSION = 3.0;
			};
			name = Release;
		};
		CD6E94941E8B061E0099E01D /* Debug */ = {
			isa = XCBuildConfiguration;
			baseConfigurationReference = 3BA20F575EFDED2191D52E0B /* Pods-cmbCodeChallengeTests.debug.xcconfig */;
			buildSettings = {
				ALWAYS_EMBED_SWIFT_STANDARD_LIBRARIES = YES;
				BUNDLE_LOADER = "$(TEST_HOST)";
				INFOPLIST_FILE = cmbCodeChallengeTests/Info.plist;
				LD_RUNPATH_SEARCH_PATHS = "$(inherited) @executable_path/Frameworks @loader_path/Frameworks";
				PRODUCT_BUNDLE_IDENTIFIER = com.kayla.cmbCodeChallengeTests;
				PRODUCT_NAME = "$(TARGET_NAME)";
				SWIFT_VERSION = 3.0;
				TEST_HOST = "$(BUILT_PRODUCTS_DIR)/cmbCodeChallenge.app/cmbCodeChallenge";
			};
			name = Debug;
		};
		CD6E94951E8B061E0099E01D /* Release */ = {
			isa = XCBuildConfiguration;
			baseConfigurationReference = B4E5BA56EDD91DA46F76C794 /* Pods-cmbCodeChallengeTests.release.xcconfig */;
			buildSettings = {
				ALWAYS_EMBED_SWIFT_STANDARD_LIBRARIES = YES;
				BUNDLE_LOADER = "$(TEST_HOST)";
				INFOPLIST_FILE = cmbCodeChallengeTests/Info.plist;
				LD_RUNPATH_SEARCH_PATHS = "$(inherited) @executable_path/Frameworks @loader_path/Frameworks";
				PRODUCT_BUNDLE_IDENTIFIER = com.kayla.cmbCodeChallengeTests;
				PRODUCT_NAME = "$(TARGET_NAME)";
				SWIFT_VERSION = 3.0;
				TEST_HOST = "$(BUILT_PRODUCTS_DIR)/cmbCodeChallenge.app/cmbCodeChallenge";
			};
			name = Release;
		};
		CD6E94971E8B061E0099E01D /* Debug */ = {
			isa = XCBuildConfiguration;
			baseConfigurationReference = FC63C2B1F5D07C77062F2DDB /* Pods-cmbCodeChallengeUITests.debug.xcconfig */;
			buildSettings = {
				ALWAYS_EMBED_SWIFT_STANDARD_LIBRARIES = YES;
				INFOPLIST_FILE = cmbCodeChallengeUITests/Info.plist;
				LD_RUNPATH_SEARCH_PATHS = "$(inherited) @executable_path/Frameworks @loader_path/Frameworks";
				PRODUCT_BUNDLE_IDENTIFIER = com.kayla.cmbCodeChallengeUITests;
				PRODUCT_NAME = "$(TARGET_NAME)";
				SWIFT_VERSION = 3.0;
				TEST_TARGET_NAME = cmbCodeChallenge;
			};
			name = Debug;
		};
		CD6E94981E8B061E0099E01D /* Release */ = {
			isa = XCBuildConfiguration;
			baseConfigurationReference = B75C07AFAA0DA99448986DDF /* Pods-cmbCodeChallengeUITests.release.xcconfig */;
			buildSettings = {
				ALWAYS_EMBED_SWIFT_STANDARD_LIBRARIES = YES;
				INFOPLIST_FILE = cmbCodeChallengeUITests/Info.plist;
				LD_RUNPATH_SEARCH_PATHS = "$(inherited) @executable_path/Frameworks @loader_path/Frameworks";
				PRODUCT_BUNDLE_IDENTIFIER = com.kayla.cmbCodeChallengeUITests;
				PRODUCT_NAME = "$(TARGET_NAME)";
				SWIFT_VERSION = 3.0;
				TEST_TARGET_NAME = cmbCodeChallenge;
			};
			name = Release;
		};
/* End XCBuildConfiguration section */

/* Begin XCConfigurationList section */
		CD6E94631E8B061C0099E01D /* Build configuration list for PBXProject "cmbCodeChallenge" */ = {
			isa = XCConfigurationList;
			buildConfigurations = (
				CD6E948E1E8B061E0099E01D /* Debug */,
				CD6E948F1E8B061E0099E01D /* Release */,
			);
			defaultConfigurationIsVisible = 0;
			defaultConfigurationName = Release;
		};
		CD6E94901E8B061E0099E01D /* Build configuration list for PBXNativeTarget "cmbCodeChallenge" */ = {
			isa = XCConfigurationList;
			buildConfigurations = (
				CD6E94911E8B061E0099E01D /* Debug */,
				CD6E94921E8B061E0099E01D /* Release */,
			);
			defaultConfigurationIsVisible = 0;
			defaultConfigurationName = Release;
		};
		CD6E94931E8B061E0099E01D /* Build configuration list for PBXNativeTarget "cmbCodeChallengeTests" */ = {
			isa = XCConfigurationList;
			buildConfigurations = (
				CD6E94941E8B061E0099E01D /* Debug */,
				CD6E94951E8B061E0099E01D /* Release */,
			);
			defaultConfigurationIsVisible = 0;
			defaultConfigurationName = Release;
		};
		CD6E94961E8B061E0099E01D /* Build configuration list for PBXNativeTarget "cmbCodeChallengeUITests" */ = {
			isa = XCConfigurationList;
			buildConfigurations = (
				CD6E94971E8B061E0099E01D /* Debug */,
				CD6E94981E8B061E0099E01D /* Release */,
			);
			defaultConfigurationIsVisible = 0;
			defaultConfigurationName = Release;
		};
/* End XCConfigurationList section */
	};
	rootObject = CD6E94601E8B061C0099E01D /* Project object */;
}
